# This file is automatically @generated by Cargo.
# It is not intended for manual editing.
version = 3

[[package]]
name = "fig"
version = "0.1.0"
dependencies = [
 "nom",
]

[[package]]
name = "memchr"
version = "2.7.4"
source = "registry+https://github.com/rust-lang/crates.io-index"
checksum = "78ca9ab1a0babb1e7d5695e3530886289c18cf2f87ec19a575a0abdce112e3a3"

[[package]]
name = "nom"
version = "8.0.0-beta.1"
source = "registry+https://github.com/rust-lang/crates.io-index"
checksum = "842c447b3ca1221b1c26a101f24c092320f8014f40729356fbcba967afb0c1f2"
dependencies = [
 "memchr",
]
